// !$*UTF8*$!
{
	archiveVersion = 1;
	classes = {
	};
	objectVersion = 48;
	objects = {

/* Begin PBXBuildFile section */
		D53D0B471F01897600C340B0 /* AppDelegate.swift in Sources */ = {isa = PBXBuildFile; fileRef = D53D0B461F01897600C340B0 /* AppDelegate.swift */; };
		D53D0B491F01897600C340B0 /* ViewController.swift in Sources */ = {isa = PBXBuildFile; fileRef = D53D0B481F01897600C340B0 /* ViewController.swift */; };
		D53D0B4C1F01897600C340B0 /* Main.storyboard in Resources */ = {isa = PBXBuildFile; fileRef = D53D0B4A1F01897600C340B0 /* Main.storyboard */; };
		D53D0B4E1F01897600C340B0 /* Assets.xcassets in Resources */ = {isa = PBXBuildFile; fileRef = D53D0B4D1F01897600C340B0 /* Assets.xcassets */; };
		D53D0B511F01897600C340B0 /* LaunchScreen.storyboard in Resources */ = {isa = PBXBuildFile; fileRef = D53D0B4F1F01897600C340B0 /* LaunchScreen.storyboard */; };
		D53D0B591F018C1700C340B0 /* CollectionViewAdaptor.swift in Sources */ = {isa = PBXBuildFile; fileRef = D53D0B581F018C1700C340B0 /* CollectionViewAdaptor.swift */; };
		D53D0B5B1F018C9B00C340B0 /* CollectionCell.swift in Sources */ = {isa = PBXBuildFile; fileRef = D53D0B5A1F018C9B00C340B0 /* CollectionCell.swift */; };
		D53D0B5D1F018CE100C340B0 /* DataModel.swift in Sources */ = {isa = PBXBuildFile; fileRef = D53D0B5C1F018CE100C340B0 /* DataModel.swift */; };
		D53D0B5F1F018F1C00C340B0 /* ModelStore.swift in Sources */ = {isa = PBXBuildFile; fileRef = D53D0B5E1F018F1C00C340B0 /* ModelStore.swift */; };
		D56EB0BD1F01F35700A428F9 /* WrapBackAndForthLayout.swift in Sources */ = {isa = PBXBuildFile; fileRef = D56EB0BC1F01F2AC00A428F9 /* WrapBackAndForthLayout.swift */; };
/* End PBXBuildFile section */

/* Begin PBXFileReference section */
		D53D0B431F01897600C340B0 /* Boxes.app */ = {isa = PBXFileReference; explicitFileType = wrapper.application; includeInIndex = 0; path = Boxes.app; sourceTree = BUILT_PRODUCTS_DIR; };
		D53D0B461F01897600C340B0 /* AppDelegate.swift */ = {isa = PBXFileReference; lastKnownFileType = sourcecode.swift; path = AppDelegate.swift; sourceTree = "<group>"; };
		D53D0B481F01897600C340B0 /* ViewController.swift */ = {isa = PBXFileReference; lastKnownFileType = sourcecode.swift; path = ViewController.swift; sourceTree = "<group>"; };
		D53D0B4B1F01897600C340B0 /* Base */ = {isa = PBXFileReference; lastKnownFileType = file.storyboard; name = Base; path = Base.lproj/Main.storyboard; sourceTree = "<group>"; };
		D53D0B4D1F01897600C340B0 /* Assets.xcassets */ = {isa = PBXFileReference; lastKnownFileType = folder.assetcatalog; path = Assets.xcassets; sourceTree = "<group>"; };
		D53D0B501F01897600C340B0 /* Base */ = {isa = PBXFileReference; lastKnownFileType = file.storyboard; name = Base; path = Base.lproj/LaunchScreen.storyboard; sourceTree = "<group>"; };
		D53D0B521F01897600C340B0 /* Info.plist */ = {isa = PBXFileReference; lastKnownFileType = text.plist.xml; path = Info.plist; sourceTree = "<group>"; };
		D53D0B581F018C1700C340B0 /* CollectionViewAdaptor.swift */ = {isa = PBXFileReference; lastKnownFileType = sourcecode.swift; path = CollectionViewAdaptor.swift; sourceTree = "<group>"; };
		D53D0B5A1F018C9B00C340B0 /* CollectionCell.swift */ = {isa = PBXFileReference; lastKnownFileType = sourcecode.swift; path = CollectionCell.swift; sourceTree = "<group>"; };
		D53D0B5C1F018CE100C340B0 /* DataModel.swift */ = {isa = PBXFileReference; lastKnownFileType = sourcecode.swift; path = DataModel.swift; sourceTree = "<group>"; };
		D53D0B5E1F018F1C00C340B0 /* ModelStore.swift */ = {isa = PBXFileReference; lastKnownFileType = sourcecode.swift; path = ModelStore.swift; sourceTree = "<group>"; };
		D56EB0BC1F01F2AC00A428F9 /* WrapBackAndForthLayout.swift */ = {isa = PBXFileReference; lastKnownFileType = sourcecode.swift; path = WrapBackAndForthLayout.swift; sourceTree = "<group>"; };
/* End PBXFileReference section */

/* Begin PBXFrameworksBuildPhase section */
		D53D0B401F01897600C340B0 /* Frameworks */ = {
			isa = PBXFrameworksBuildPhase;
			buildActionMask = 2147483647;
			files = (
			);
			runOnlyForDeploymentPostprocessing = 0;
		};
/* End PBXFrameworksBuildPhase section */

/* Begin PBXGroup section */
		D53D0B3A1F01897600C340B0 = {
			isa = PBXGroup;
			children = (
				D53D0B451F01897600C340B0 /* Boxes */,
				D53D0B441F01897600C340B0 /* Products */,
			);
			sourceTree = "<group>";
		};
		D53D0B441F01897600C340B0 /* Products */ = {
			isa = PBXGroup;
			children = (
				D53D0B431F01897600C340B0 /* Boxes.app */,
			);
			name = Products;
			sourceTree = "<group>";
		};
		D53D0B451F01897600C340B0 /* Boxes */ = {
			isa = PBXGroup;
			children = (
				D56EB0BC1F01F2AC00A428F9 /* WrapBackAndForthLayout.swift */,
				D53D0B461F01897600C340B0 /* AppDelegate.swift */,
				D53D0B481F01897600C340B0 /* ViewController.swift */,
				D53D0B4A1F01897600C340B0 /* Main.storyboard */,
				D53D0B4D1F01897600C340B0 /* Assets.xcassets */,
				D53D0B4F1F01897600C340B0 /* LaunchScreen.storyboard */,
				D53D0B521F01897600C340B0 /* Info.plist */,
				D53D0B581F018C1700C340B0 /* CollectionViewAdaptor.swift */,
				D53D0B5A1F018C9B00C340B0 /* CollectionCell.swift */,
				D53D0B5E1F018F1C00C340B0 /* ModelStore.swift */,
				D53D0B5C1F018CE100C340B0 /* DataModel.swift */,
			);
			path = Boxes;
			sourceTree = "<group>";
		};
/* End PBXGroup section */

/* Begin PBXNativeTarget section */
		D53D0B421F01897600C340B0 /* Boxes */ = {
			isa = PBXNativeTarget;
			buildConfigurationList = D53D0B551F01897600C340B0 /* Build configuration list for PBXNativeTarget "Boxes" */;
			buildPhases = (
				D53D0B3F1F01897600C340B0 /* Sources */,
				D53D0B401F01897600C340B0 /* Frameworks */,
				D53D0B411F01897600C340B0 /* Resources */,
			);
			buildRules = (
			);
			dependencies = (
			);
			name = Boxes;
			productName = Boxes;
			productReference = D53D0B431F01897600C340B0 /* Boxes.app */;
			productType = "com.apple.product-type.application";
		};
/* End PBXNativeTarget section */

/* Begin PBXProject section */
		D53D0B3B1F01897600C340B0 /* Project object */ = {
			isa = PBXProject;
			attributes = {
				LastSwiftUpdateCheck = 0900;
				LastUpgradeCheck = 0900;
				ORGANIZATIONNAME = "Paul Ossenbruggen";
				TargetAttributes = {
					D53D0B421F01897600C340B0 = {
						CreatedOnToolsVersion = 9.0;
					};
				};
			};
			buildConfigurationList = D53D0B3E1F01897600C340B0 /* Build configuration list for PBXProject "Boxes" */;
			compatibilityVersion = "Xcode 8.0";
			developmentRegion = en;
			hasScannedForEncodings = 0;
			knownRegions = (
				en,
				Base,
			);
			mainGroup = D53D0B3A1F01897600C340B0;
			productRefGroup = D53D0B441F01897600C340B0 /* Products */;
			projectDirPath = "";
			projectRoot = "";
			targets = (
				D53D0B421F01897600C340B0 /* Boxes */,
			);
		};
/* End PBXProject section */

/* Begin PBXResourcesBuildPhase section */
		D53D0B411F01897600C340B0 /* Resources */ = {
			isa = PBXResourcesBuildPhase;
			buildActionMask = 2147483647;
			files = (
				D53D0B511F01897600C340B0 /* LaunchScreen.storyboard in Resources */,
				D53D0B4E1F01897600C340B0 /* Assets.xcassets in Resources */,
				D53D0B4C1F01897600C340B0 /* Main.storyboard in Resources */,
			);
			runOnlyForDeploymentPostprocessing = 0;
		};
/* End PBXResourcesBuildPhase section */

/* Begin PBXSourcesBuildPhase section */
		D53D0B3F1F01897600C340B0 /* Sources */ = {
			isa = PBXSourcesBuildPhase;
			buildActionMask = 2147483647;
			files = (
				D56EB0BD1F01F35700A428F9 /* WrapBackAndForthLayout.swift in Sources */,
				D53D0B5D1F018CE100C340B0 /* DataModel.swift in Sources */,
				D53D0B5F1F018F1C00C340B0 /* ModelStore.swift in Sources */,
				D53D0B491F01897600C340B0 /* ViewController.swift in Sources */,
				D53D0B471F01897600C340B0 /* AppDelegate.swift in Sources */,
				D53D0B591F018C1700C340B0 /* CollectionViewAdaptor.swift in Sources */,
				D53D0B5B1F018C9B00C340B0 /* CollectionCell.swift in Sources */,
			);
			runOnlyForDeploymentPostprocessing = 0;
		};
/* End PBXSourcesBuildPhase section */

/* Begin PBXVariantGroup section */
		D53D0B4A1F01897600C340B0 /* Main.storyboard */ = {
			isa = PBXVariantGroup;
			children = (
				D53D0B4B1F01897600C340B0 /* Base */,
			);
			name = Main.storyboard;
			sourceTree = "<group>";
		};
		D53D0B4F1F01897600C340B0 /* LaunchScreen.storyboard */ = {
			isa = PBXVariantGroup;
			children = (
				D53D0B501F01897600C340B0 /* Base */,
			);
			name = LaunchScreen.storyboard;
			sourceTree = "<group>";
		};
/* End PBXVariantGroup section */

/* Begin XCBuildConfiguration section */
		D53D0B531F01897600C340B0 /* Debug */ = {
			isa = XCBuildConfiguration;
			buildSettings = {
				ALWAYS_SEARCH_USER_PATHS = NO;
				CLANG_ANALYZER_NONNULL = YES;
				CLANG_ANALYZER_NUMBER_OBJECT_CONVERSION = YES_AGGRESSIVE;
				CLANG_CXX_LANGUAGE_STANDARD = "gnu++14";
				CLANG_CXX_LIBRARY = "libc++";
				CLANG_ENABLE_MODULES = YES;
				CLANG_ENABLE_OBJC_ARC = YES;
				CLANG_WARN_BLOCK_CAPTURE_AUTORELEASING = YES;
				CLANG_WARN_BOOL_CONVERSION = YES;
				CLANG_WARN_COMMA = YES;
				CLANG_WARN_CONSTANT_CONVERSION = YES;
				CLANG_WARN_DIRECT_OBJC_ISA_USAGE = YES_ERROR;
				CLANG_WARN_DOCUMENTATION_COMMENTS = YES;
				CLANG_WARN_EMPTY_BODY = YES;
				CLANG_WARN_ENUM_CONVERSION = YES;
				CLANG_WARN_INFINITE_RECURSION = YES;
				CLANG_WARN_INT_CONVERSION = YES;
				CLANG_WARN_OBJC_ROOT_CLASS = YES_ERROR;
				CLANG_WARN_RANGE_LOOP_ANALYSIS = YES;
				CLANG_WARN_STRICT_PROTOTYPES = YES;
				CLANG_WARN_SUSPICIOUS_MOVE = YES;
				CLANG_WARN_UNGUARDED_AVAILABILITY = YES_AGGRESSIVE;
				CLANG_WARN_UNREACHABLE_CODE = YES;
				CLANG_WARN__DUPLICATE_METHOD_MATCH = YES;
				CODE_SIGN_IDENTITY = "iPhone Developer";
				COPY_PHASE_STRIP = NO;
				DEBUG_INFORMATION_FORMAT = dwarf;
				ENABLE_STRICT_OBJC_MSGSEND = YES;
				ENABLE_TESTABILITY = YES;
				GCC_C_LANGUAGE_STANDARD = gnu11;
				GCC_DYNAMIC_NO_PIC = NO;
				GCC_NO_COMMON_BLOCKS = YES;
				GCC_OPTIMIZATION_LEVEL = 0;
				GCC_PREPROCESSOR_DEFINITIONS = (
					"DEBUG=1",
					"$(inherited)",
				);
				GCC_WARN_64_TO_32_BIT_CONVERSION = YES;
				GCC_WARN_ABOUT_RETURN_TYPE = YES_ERROR;
				GCC_WARN_UNDECLARED_SELECTOR = YES;
				GCC_WARN_UNINITIALIZED_AUTOS = YES_AGGRESSIVE;
				GCC_WARN_UNUSED_FUNCTION = YES;
				GCC_WARN_UNUSED_VARIABLE = YES;
				IPHONEOS_DEPLOYMENT_TARGET = 11.0;
				MTL_ENABLE_DEBUG_INFO = YES;
				ONLY_ACTIVE_ARCH = YES;
				SDKROOT = iphoneos;
				SWIFT_ACTIVE_COMPILATION_CONDITIONS = DEBUG;
				SWIFT_OPTIMIZATION_LEVEL = "-Onone";
			};
			name = Debug;
		};
		D53D0B541F01897600C340B0 /* Release */ = {
			isa = XCBuildConfiguration;
			buildSettings = {
				ALWAYS_SEARCH_USER_PATHS = NO;
				CLANG_ANALYZER_NONNULL = YES;
				CLANG_ANALYZER_NUMBER_OBJECT_CONVERSION = YES_AGGRESSIVE;
				CLANG_CXX_LANGUAGE_STANDARD = "gnu++14";
				CLANG_CXX_LIBRARY = "libc++";
				CLANG_ENABLE_MODULES = YES;
				CLANG_ENABLE_OBJC_ARC = YES;
				CLANG_WARN_BLOCK_CAPTURE_AUTORELEASING = YES;
				CLANG_WARN_BOOL_CONVERSION = YES;
				CLANG_WARN_COMMA = YES;
				CLANG_WARN_CONSTANT_CONVERSION = YES;
				CLANG_WARN_DIRECT_OBJC_ISA_USAGE = YES_ERROR;
				CLANG_WARN_DOCUMENTATION_COMMENTS = YES;
				CLANG_WARN_EMPTY_BODY = YES;
				CLANG_WARN_ENUM_CONVERSION = YES;
				CLANG_WARN_INFINITE_RECURSION = YES;
				CLANG_WARN_INT_CONVERSION = YES;
				CLANG_WARN_OBJC_ROOT_CLASS = YES_ERROR;
				CLANG_WARN_RANGE_LOOP_ANALYSIS = YES;
				CLANG_WARN_STRICT_PROTOTYPES = YES;
				CLANG_WARN_SUSPICIOUS_MOVE = YES;
				CLANG_WARN_UNGUARDED_AVAILABILITY = YES_AGGRESSIVE;
				CLANG_WARN_UNREACHABLE_CODE = YES;
				CLANG_WARN__DUPLICATE_METHOD_MATCH = YES;
				CODE_SIGN_IDENTITY = "iPhone Developer";
				COPY_PHASE_STRIP = NO;
				DEBUG_INFORMATION_FORMAT = "dwarf-with-dsym";
				ENABLE_NS_ASSERTIONS = NO;
				ENABLE_STRICT_OBJC_MSGSEND = YES;
				GCC_C_LANGUAGE_STANDARD = gnu11;
				GCC_NO_COMMON_BLOCKS = YES;
				GCC_WARN_64_TO_32_BIT_CONVERSION = YES;
				GCC_WARN_ABOUT_RETURN_TYPE = YES_ERROR;
				GCC_WARN_UNDECLARED_SELECTOR = YES;
				GCC_WARN_UNINITIALIZED_AUTOS = YES_AGGRESSIVE;
				GCC_WARN_UNUSED_FUNCTION = YES;
				GCC_WARN_UNUSED_VARIABLE = YES;
				IPHONEOS_DEPLOYMENT_TARGET = 11.0;
				MTL_ENABLE_DEBUG_INFO = NO;
				SDKROOT = iphoneos;
				SWIFT_OPTIMIZATION_LEVEL = "-Owholemodule";
				VALIDATE_PRODUCT = YES;
			};
			name = Release;
		};
		D53D0B561F01897600C340B0 /* Debug */ = {
			isa = XCBuildConfiguration;
			buildSettings = {
				ASSETCATALOG_COMPILER_APPICON_NAME = AppIcon;
				DEVELOPMENT_TEAM = UVHFXZWG47;
				INFOPLIST_FILE = Boxes/Info.plist;
				LD_RUNPATH_SEARCH_PATHS = "$(inherited) @executable_path/Frameworks";
				PRODUCT_BUNDLE_IDENTIFIER = com.synthus.Boxes;
				PRODUCT_NAME = "$(TARGET_NAME)";
				SWIFT_VERSION = 4.0;
				TARGETED_DEVICE_FAMILY = "1,2";
			};
			name = Debug;
		};
		D53D0B571F01897600C340B0 /* Release */ = {
			isa = XCBuildConfiguration;
			buildSettings = {
				ASSETCATALOG_COMPILER_APPICON_NAME = AppIcon;
				DEVELOPMENT_TEAM = UVHFXZWG47;
				INFOPLIST_FILE = Boxes/Info.plist;
				LD_RUNPATH_SEARCH_PATHS = "$(inherited) @executable_path/Frameworks";
				PRODUCT_BUNDLE_IDENTIFIER = com.synthus.Boxes;
				PRODUCT_NAME = "$(TARGET_NAME)";
				SWIFT_VERSION = 4.0;
				TARGETED_DEVICE_FAMILY = "1,2";
			};
			name = Release;
		};
/* End XCBuildConfiguration section */

/* Begin XCConfigurationList section */
		D53D0B3E1F01897600C340B0 /* Build configuration list for PBXProject "Boxes" */ = {
			isa = XCConfigurationList;
			buildConfigurations = (
				D53D0B531F01897600C340B0 /* Debug */,
				D53D0B541F01897600C340B0 /* Release */,
			);
			defaultConfigurationIsVisible = 0;
			defaultConfigurationName = Release;
		};
		D53D0B551F01897600C340B0 /* Build configuration list for PBXNativeTarget "Boxes" */ = {
			isa = XCConfigurationList;
			buildConfigurations = (
				D53D0B561F01897600C340B0 /* Debug */,
				D53D0B571F01897600C340B0 /* Release */,
			);
			defaultConfigurationIsVisible = 0;
			defaultConfigurationName = Release;
		};
/* End XCConfigurationList section */
	};
	rootObject = D53D0B3B1F01897600C340B0 /* Project object */;
}
